
Microsoft Visual Studio Solution File, Format Version 11.00
# Visual Studio 2010
Project("{FAE04EC0-301F-11D3-BF4B-00C04F79EFBC}") = "DBStorageLib", "DBStorageLib\DBStorageLib.csproj", "{C6E563B0-6571-4608-ADAD-E92B16EEECA9}"
EndProject
Project("{2150E333-8FDC-42A3-9474-1A3956D46DE8}") = "Solution Items", "Solution Items", "{DA0980B1-7CA9-489B-B59E-A8A8384015DB}"
	ProjectSection(SolutionItems) = preProject
		DBStorageLib.vsmdi = DBStorageLib.vsmdi
		Local.testsettings = Local.testsettings
		TraceAndTestImpact.testsettings = TraceAndTestImpact.testsettings
	EndProjectSection
EndProject
Project("{FAE04EC0-301F-11D3-BF4B-00C04F79EFBC}") = "SLiteTestList1Steps", "SLiteTestList1Steps\SLiteTestList1Steps.csproj", "{68D2F93C-E02E-4D1C-BFFE-E8C80DEBBCBE}"
EndProject
Project("{FAE04EC0-301F-11D3-BF4B-00C04F79EFBC}") = "SQLiteRelationTest1", "SQLiteRelationTest1\SQLiteRelationTest1.csproj", "{1F4FB1EC-D8CB-49F9-97E3-0614AE9C46C7}"
EndProject
Global
	GlobalSection(TestCaseManagementSettings) = postSolution
		CategoryFile = DBStorageLib.vsmdi
	EndGlobalSection
	GlobalSection(SolutionConfigurationPlatforms) = preSolution
		Debug|Any CPU = Debug|Any CPU
		Debug|Mixed Platforms = Debug|Mixed Platforms
		Debug|x86 = Debug|x86
		Release|Any CPU = Release|Any CPU
		Release|Mixed Platforms = Release|Mixed Platforms
		Release|x86 = Release|x86
	EndGlobalSection
	GlobalSection(ProjectConfigurationPlatforms) = postSolution
		{C6E563B0-6571-4608-ADAD-E92B16EEECA9}.Debug|Any CPU.ActiveCfg = Debug|Any CPU
		{C6E563B0-6571-4608-ADAD-E92B16EEECA9}.Debug|Any CPU.Build.0 = Debug|Any CPU
		{C6E563B0-6571-4608-ADAD-E92B16EEECA9}.Debug|Mixed Platforms.ActiveCfg = Debug|Any CPU
		{C6E563B0-6571-4608-ADAD-E92B16EEECA9}.Debug|Mixed Platforms.Build.0 = Debug|Any CPU
		{C6E563B0-6571-4608-ADAD-E92B16EEECA9}.Debug|x86.ActiveCfg = Debug|Any CPU
		{C6E563B0-6571-4608-ADAD-E92B16EEECA9}.Debug|x86.Build.0 = Debug|Any CPU
		{C6E563B0-6571-4608-ADAD-E92B16EEECA9}.Release|Any CPU.ActiveCfg = Release|Any CPU
		{C6E563B0-6571-4608-ADAD-E92B16EEECA9}.Release|Any CPU.Build.0 = Release|Any CPU
		{C6E563B0-6571-4608-ADAD-E92B16EEECA9}.Release|Mixed Platforms.ActiveCfg = Release|Any CPU
		{C6E563B0-6571-4608-ADAD-E92B16EEECA9}.Release|Mixed Platforms.Build.0 = Release|Any CPU
		{C6E563B0-6571-4608-ADAD-E92B16EEECA9}.Release|x86.ActiveCfg = Release|x86
		{C6E563B0-6571-4608-ADAD-E92B16EEECA9}.Release|x86.Build.0 = Release|x86
		{68D2F93C-E02E-4D1C-BFFE-E8C80DEBBCBE}.Debug|Any CPU.ActiveCfg = Debug|Any CPU
		{68D2F93C-E02E-4D1C-BFFE-E8C80DEBBCBE}.Debug|Any CPU.Build.0 = Debug|Any CPU
		{68D2F93C-E02E-4D1C-BFFE-E8C80DEBBCBE}.Debug|Mixed Platforms.ActiveCfg = Debug|Any CPU
		{68D2F93C-E02E-4D1C-BFFE-E8C80DEBBCBE}.Debug|Mixed Platforms.Build.0 = Debug|Any CPU
		{68D2F93C-E02E-4D1C-BFFE-E8C80DEBBCBE}.Debug|x86.ActiveCfg = Debug|Any CPU
		{68D2F93C-E02E-4D1C-BFFE-E8C80DEBBCBE}.Debug|x86.Build.0 = Debug|Any CPU
		{68D2F93C-E02E-4D1C-BFFE-E8C80DEBBCBE}.Release|Any CPU.ActiveCfg = Release|Any CPU
		{68D2F93C-E02E-4D1C-BFFE-E8C80DEBBCBE}.Release|Any CPU.Build.0 = Release|Any CPU
		{68D2F93C-E02E-4D1C-BFFE-E8C80DEBBCBE}.Release|Mixed Platforms.ActiveCfg = Release|Any CPU
		{68D2F93C-E02E-4D1C-BFFE-E8C80DEBBCBE}.Release|Mixed Platforms.Build.0 = Release|Any CPU
		{68D2F93C-E02E-4D1C-BFFE-E8C80DEBBCBE}.Release|x86.ActiveCfg = Release|x86
		{68D2F93C-E02E-4D1C-BFFE-E8C80DEBBCBE}.Release|x86.Build.0 = Release|x86
		{1F4FB1EC-D8CB-49F9-97E3-0614AE9C46C7}.Debug|Any CPU.ActiveCfg = Debug|Any CPU
		{1F4FB1EC-D8CB-49F9-97E3-0614AE9C46C7}.Debug|Any CPU.Build.0 = Debug|Any CPU
		{1F4FB1EC-D8CB-49F9-97E3-0614AE9C46C7}.Debug|Mixed Platforms.ActiveCfg = Debug|Any CPU
		{1F4FB1EC-D8CB-49F9-97E3-0614AE9C46C7}.Debug|Mixed Platforms.Build.0 = Debug|Any CPU
		{1F4FB1EC-D8CB-49F9-97E3-0614AE9C46C7}.Debug|x86.ActiveCfg = Debug|Any CPU
		{1F4FB1EC-D8CB-49F9-97E3-0614AE9C46C7}.Debug|x86.Build.0 = Debug|Any CPU
		{1F4FB1EC-D8CB-49F9-97E3-0614AE9C46C7}.Release|Any CPU.ActiveCfg = Release|Any CPU
		{1F4FB1EC-D8CB-49F9-97E3-0614AE9C46C7}.Release|Any CPU.Build.0 = Release|Any CPU
		{1F4FB1EC-D8CB-49F9-97E3-0614AE9C46C7}.Release|Mixed Platforms.ActiveCfg = Release|Any CPU
		{1F4FB1EC-D8CB-49F9-97E3-0614AE9C46C7}.Release|Mixed Platforms.Build.0 = Release|Any CPU
		{1F4FB1EC-D8CB-49F9-97E3-0614AE9C46C7}.Release|x86.ActiveCfg = Release|x86
		{1F4FB1EC-D8CB-49F9-97E3-0614AE9C46C7}.Release|x86.Build.0 = Release|x86
	EndGlobalSection
	GlobalSection(SolutionProperties) = preSolution
		HideSolutionNode = FALSE
	EndGlobalSection
EndGlobal
